schema: '2.0'
stages:
  preprocess:
    cmd: python src/preprocess.py
    deps:
    - path: data/raw/loan.csv
      hash: md5
      md5: 3bc055a1d2cca0386fa2d03864fe9b0a
      size: 38013
    - path: src/preprocess.py
      hash: md5
      md5: 7b06764bd8933678f3dbd95a2b495cb4
      size: 334
    outs:
    - path: data/processed/clean_loan.csv
      hash: md5
      md5: 04ac5e972360078b334529b9459cb6eb
      size: 43070
  train:
    cmd: python src/train.py
    deps:
    - path: data/processed/clean_loan.csv
      hash: md5
      md5: 04ac5e972360078b334529b9459cb6eb
      size: 43070
    - path: params.yaml
      hash: md5
      md5: 9fb3d3ff03e12cd6fe52c2367169da10
      size: 63
    - path: src/train.py
      hash: md5
      md5: 5779516087747c0fcd4c418e043cc847
      size: 1427
    outs:
    - path: models/model.pkl
      hash: md5
      md5: d1c19cd9bbbee1716bef96431e742df6
      size: 234457
  evaluate:
    cmd: python src/evaluate.py
    deps:
    - path: data/processed/clean_loan.csv
      hash: md5
      md5: 04ac5e972360078b334529b9459cb6eb
      size: 43070
    - path: models/model.pkl
      hash: md5
      md5: d1c19cd9bbbee1716bef96431e742df6
      size: 234457
    - path: src/evaluate.py
      hash: md5
      md5: 05d04c843b5fbc88a512d0eac798e8fa
      size: 1083
    outs:
    - path: metrics/accuracy.txt
      hash: md5
      md5: 65bfe7f488c43e965cb51acc248e8de6
      size: 18
